
Microsoft Visual Studio Solution File, Format Version 12.00
# Visual Studio Version 17
VisualStudioVersion = 17.4.33213.308
MinimumVisualStudioVersion = 10.0.40219.1
Project("{FAE04EC0-301F-11D3-BF4B-00C04F79EFBC}") = "HomeworkWpfFinal3", "HomeworkWpfFinal3\HomeworkWpfFinal3.csproj", "{4E8B7C9B-D8D2-4724-867F-58831FF4EB86}"
EndProject
Global
	GlobalSection(SolutionConfigurationPlatforms) = preSolution
		Debug|Any CPU = Debug|Any CPU
		Release|Any CPU = Release|Any CPU
	EndGlobalSection
	GlobalSection(ProjectConfigurationPlatforms) = postSolution
		{4E8B7C9B-D8D2-4724-867F-58831FF4EB86}.Debug|Any CPU.ActiveCfg = Debug|Any CPU
		{4E8B7C9B-D8D2-4724-867F-58831FF4EB86}.Debug|Any CPU.Build.0 = Debug|Any CPU
		{4E8B7C9B-D8D2-4724-867F-58831FF4EB86}.Release|Any CPU.ActiveCfg = Release|Any CPU
		{4E8B7C9B-D8D2-4724-867F-58831FF4EB86}.Release|Any CPU.Build.0 = Release|Any CPU
	EndGlobalSection
	GlobalSection(SolutionProperties) = preSolution
		HideSolutionNode = FALSE
	EndGlobalSection
	GlobalSection(ExtensibilityGlobals) = postSolution
		SolutionGuid = {D1964295-D2B5-45D0-BBB9-C107DD291D1C}
	EndGlobalSection
EndGlobal
